
Microsoft Visual Studio Solution File, Format Version 12.00
# Visual Studio Version 17
VisualStudioVersion = 17.14.36310.24
MinimumVisualStudioVersion = 10.0.40219.1
Project("{FAE04EC0-301F-11D3-BF4B-00C04F79EFBC}") = "RestauranteAkiWeb", "RestauranteAkiWeb\RestauranteAkiWeb.csproj", "{B1B17ED7-D44C-4DD5-90A8-6C8CF4151324}"
EndProject
Project("{FAE04EC0-301F-11D3-BF4B-00C04F79EFBC}") = "Core", "Core\Core.csproj", "{EDFCD62C-DD8A-4530-9000-74BF8817CD02}"
EndProject
Project("{FAE04EC0-301F-11D3-BF4B-00C04F79EFBC}") = "Service", "Service\Service.csproj", "{C64A8A7D-5160-47E4-92F0-B3C89524473F}"
EndProject
Project("{FAE04EC0-301F-11D3-BF4B-00C04F79EFBC}") = "RestauranteAkiWebTests", "RestauranteAkiWebTests\RestauranteAkiWebTests.csproj", "{D7E50571-E4C9-4016-91C2-54439B8AD78A}"
EndProject
Project("{FAE04EC0-301F-11D3-BF4B-00C04F79EFBC}") = "ServiceTests", "ServiceTests\ServiceTests.csproj", "{703ED06B-38EC-489E-B181-24CE4F89E86A}"
EndProject
Project("{FAE04EC0-301F-11D3-BF4B-00C04F79EFBC}") = "RestauranteAkiAPI", "RestauranteAkiAPI\RestauranteAkiAPI.csproj", "{710CDDA3-A96A-4506-A152-A29FB90B2631}"
	ProjectSection(ProjectDependencies) = postProject
		{C64A8A7D-5160-47E4-92F0-B3C89524473F} = {C64A8A7D-5160-47E4-92F0-B3C89524473F}
		{EDFCD62C-DD8A-4530-9000-74BF8817CD02} = {EDFCD62C-DD8A-4530-9000-74BF8817CD02}
	EndProjectSection
EndProject
Global
	GlobalSection(SolutionConfigurationPlatforms) = preSolution
		Debug|Any CPU = Debug|Any CPU
		Release|Any CPU = Release|Any CPU
	EndGlobalSection
	GlobalSection(ProjectConfigurationPlatforms) = postSolution
		{B1B17ED7-D44C-4DD5-90A8-6C8CF4151324}.Debug|Any CPU.ActiveCfg = Debug|Any CPU
		{B1B17ED7-D44C-4DD5-90A8-6C8CF4151324}.Debug|Any CPU.Build.0 = Debug|Any CPU
		{B1B17ED7-D44C-4DD5-90A8-6C8CF4151324}.Release|Any CPU.ActiveCfg = Release|Any CPU
		{B1B17ED7-D44C-4DD5-90A8-6C8CF4151324}.Release|Any CPU.Build.0 = Release|Any CPU
		{EDFCD62C-DD8A-4530-9000-74BF8817CD02}.Debug|Any CPU.ActiveCfg = Debug|Any CPU
		{EDFCD62C-DD8A-4530-9000-74BF8817CD02}.Debug|Any CPU.Build.0 = Debug|Any CPU
		{EDFCD62C-DD8A-4530-9000-74BF8817CD02}.Release|Any CPU.ActiveCfg = Release|Any CPU
		{EDFCD62C-DD8A-4530-9000-74BF8817CD02}.Release|Any CPU.Build.0 = Release|Any CPU
		{C64A8A7D-5160-47E4-92F0-B3C89524473F}.Debug|Any CPU.ActiveCfg = Debug|Any CPU
		{C64A8A7D-5160-47E4-92F0-B3C89524473F}.Debug|Any CPU.Build.0 = Debug|Any CPU
		{C64A8A7D-5160-47E4-92F0-B3C89524473F}.Release|Any CPU.ActiveCfg = Release|Any CPU
		{C64A8A7D-5160-47E4-92F0-B3C89524473F}.Release|Any CPU.Build.0 = Release|Any CPU
		{D7E50571-E4C9-4016-91C2-54439B8AD78A}.Debug|Any CPU.ActiveCfg = Debug|Any CPU
		{D7E50571-E4C9-4016-91C2-54439B8AD78A}.Debug|Any CPU.Build.0 = Debug|Any CPU
		{D7E50571-E4C9-4016-91C2-54439B8AD78A}.Release|Any CPU.ActiveCfg = Release|Any CPU
		{D7E50571-E4C9-4016-91C2-54439B8AD78A}.Release|Any CPU.Build.0 = Release|Any CPU
		{703ED06B-38EC-489E-B181-24CE4F89E86A}.Debug|Any CPU.ActiveCfg = Debug|Any CPU
		{703ED06B-38EC-489E-B181-24CE4F89E86A}.Debug|Any CPU.Build.0 = Debug|Any CPU
		{703ED06B-38EC-489E-B181-24CE4F89E86A}.Release|Any CPU.ActiveCfg = Release|Any CPU
		{703ED06B-38EC-489E-B181-24CE4F89E86A}.Release|Any CPU.Build.0 = Release|Any CPU
		{710CDDA3-A96A-4506-A152-A29FB90B2631}.Debug|Any CPU.ActiveCfg = Debug|Any CPU
		{710CDDA3-A96A-4506-A152-A29FB90B2631}.Debug|Any CPU.Build.0 = Debug|Any CPU
		{710CDDA3-A96A-4506-A152-A29FB90B2631}.Release|Any CPU.ActiveCfg = Release|Any CPU
		{710CDDA3-A96A-4506-A152-A29FB90B2631}.Release|Any CPU.Build.0 = Release|Any CPU
	EndGlobalSection
	GlobalSection(SolutionProperties) = preSolution
		HideSolutionNode = FALSE
	EndGlobalSection
	GlobalSection(ExtensibilityGlobals) = postSolution
		SolutionGuid = {2C15B5AE-25C3-4C36-A705-E420A41188E2}
	EndGlobalSection
EndGlobal
